// !$*UTF8*$!
{
	archiveVersion = 1;
	classes = {
	};
	objectVersion = 50;
	objects = {

/* Begin PBXBuildFile section */
		29F0FAD1278AB4C400DBB1B8 /* AppDelegate.swift in Sources */ = {isa = PBXBuildFile; fileRef = 29F0FAD0278AB4C400DBB1B8 /* AppDelegate.swift */; };
		29F0FAD3278AB4C400DBB1B8 /* SceneDelegate.swift in Sources */ = {isa = PBXBuildFile; fileRef = 29F0FAD2278AB4C400DBB1B8 /* SceneDelegate.swift */; };
		29F0FAD5278AB4C400DBB1B8 /* ViewController.swift in Sources */ = {isa = PBXBuildFile; fileRef = 29F0FAD4278AB4C400DBB1B8 /* ViewController.swift */; };
		29F0FAD8278AB4C400DBB1B8 /* Main.storyboard in Resources */ = {isa = PBXBuildFile; fileRef = 29F0FAD6278AB4C400DBB1B8 /* Main.storyboard */; };
		29F0FADA278AB4C600DBB1B8 /* Assets.xcassets in Resources */ = {isa = PBXBuildFile; fileRef = 29F0FAD9278AB4C600DBB1B8 /* Assets.xcassets */; };
		29F0FADD278AB4C600DBB1B8 /* LaunchScreen.storyboard in Resources */ = {isa = PBXBuildFile; fileRef = 29F0FADB278AB4C600DBB1B8 /* LaunchScreen.storyboard */; };
		29F0FAE8278AB4C700DBB1B8 /* RxSwiftTestTests.swift in Sources */ = {isa = PBXBuildFile; fileRef = 29F0FAE7278AB4C700DBB1B8 /* RxSwiftTestTests.swift */; };
		29F0FAF3278AB4C700DBB1B8 /* RxSwiftTestUITests.swift in Sources */ = {isa = PBXBuildFile; fileRef = 29F0FAF2278AB4C700DBB1B8 /* RxSwiftTestUITests.swift */; };
/* End PBXBuildFile section */

/* Begin PBXContainerItemProxy section */
		29F0FAE4278AB4C700DBB1B8 /* PBXContainerItemProxy */ = {
			isa = PBXContainerItemProxy;
			containerPortal = 29F0FAC5278AB4C300DBB1B8 /* Project object */;
			proxyType = 1;
			remoteGlobalIDString = 29F0FACC278AB4C300DBB1B8;
			remoteInfo = RxSwiftTest;
		};
		29F0FAEF278AB4C700DBB1B8 /* PBXContainerItemProxy */ = {
			isa = PBXContainerItemProxy;
			containerPortal = 29F0FAC5278AB4C300DBB1B8 /* Project object */;
			proxyType = 1;
			remoteGlobalIDString = 29F0FACC278AB4C300DBB1B8;
			remoteInfo = RxSwiftTest;
		};
/* End PBXContainerItemProxy section */

/* Begin PBXFileReference section */
		29F0FACD278AB4C300DBB1B8 /* RxSwiftTest.app */ = {isa = PBXFileReference; explicitFileType = wrapper.application; includeInIndex = 0; path = RxSwiftTest.app; sourceTree = BUILT_PRODUCTS_DIR; };
		29F0FAD0278AB4C400DBB1B8 /* AppDelegate.swift */ = {isa = PBXFileReference; lastKnownFileType = sourcecode.swift; path = AppDelegate.swift; sourceTree = "<group>"; };
		29F0FAD2278AB4C400DBB1B8 /* SceneDelegate.swift */ = {isa = PBXFileReference; lastKnownFileType = sourcecode.swift; path = SceneDelegate.swift; sourceTree = "<group>"; };
		29F0FAD4278AB4C400DBB1B8 /* ViewController.swift */ = {isa = PBXFileReference; lastKnownFileType = sourcecode.swift; path = ViewController.swift; sourceTree = "<group>"; };
		29F0FAD7278AB4C400DBB1B8 /* Base */ = {isa = PBXFileReference; lastKnownFileType = file.storyboard; name = Base; path = Base.lproj/Main.storyboard; sourceTree = "<group>"; };
		29F0FAD9278AB4C600DBB1B8 /* Assets.xcassets */ = {isa = PBXFileReference; lastKnownFileType = folder.assetcatalog; path = Assets.xcassets; sourceTree = "<group>"; };
		29F0FADC278AB4C600DBB1B8 /* Base */ = {isa = PBXFileReference; lastKnownFileType = file.storyboard; name = Base; path = Base.lproj/LaunchScreen.storyboard; sourceTree = "<group>"; };
		29F0FADE278AB4C600DBB1B8 /* Info.plist */ = {isa = PBXFileReference; lastKnownFileType = text.plist.xml; path = Info.plist; sourceTree = "<group>"; };
		29F0FAE3278AB4C700DBB1B8 /* RxSwiftTestTests.xctest */ = {isa = PBXFileReference; explicitFileType = wrapper.cfbundle; includeInIndex = 0; path = RxSwiftTestTests.xctest; sourceTree = BUILT_PRODUCTS_DIR; };
		29F0FAE7278AB4C700DBB1B8 /* RxSwiftTestTests.swift */ = {isa = PBXFileReference; lastKnownFileType = sourcecode.swift; path = RxSwiftTestTests.swift; sourceTree = "<group>"; };
		29F0FAE9278AB4C700DBB1B8 /* Info.plist */ = {isa = PBXFileReference; lastKnownFileType = text.plist.xml; path = Info.plist; sourceTree = "<group>"; };
		29F0FAEE278AB4C700DBB1B8 /* RxSwiftTestUITests.xctest */ = {isa = PBXFileReference; explicitFileType = wrapper.cfbundle; includeInIndex = 0; path = RxSwiftTestUITests.xctest; sourceTree = BUILT_PRODUCTS_DIR; };
		29F0FAF2278AB4C700DBB1B8 /* RxSwiftTestUITests.swift */ = {isa = PBXFileReference; lastKnownFileType = sourcecode.swift; path = RxSwiftTestUITests.swift; sourceTree = "<group>"; };
		29F0FAF4278AB4C700DBB1B8 /* Info.plist */ = {isa = PBXFileReference; lastKnownFileType = text.plist.xml; path = Info.plist; sourceTree = "<group>"; };
/* End PBXFileReference section */

/* Begin PBXFrameworksBuildPhase section */
		29F0FACA278AB4C300DBB1B8 /* Frameworks */ = {
			isa = PBXFrameworksBuildPhase;
			buildActionMask = 2147483647;
			files = (
			);
			runOnlyForDeploymentPostprocessing = 0;
		};
		29F0FAE0278AB4C700DBB1B8 /* Frameworks */ = {
			isa = PBXFrameworksBuildPhase;
			buildActionMask = 2147483647;
			files = (
			);
			runOnlyForDeploymentPostprocessing = 0;
		};
		29F0FAEB278AB4C700DBB1B8 /* Frameworks */ = {
			isa = PBXFrameworksBuildPhase;
			buildActionMask = 2147483647;
			files = (
			);
			runOnlyForDeploymentPostprocessing = 0;
		};
/* End PBXFrameworksBuildPhase section */

/* Begin PBXGroup section */
		29F0FAC4278AB4C300DBB1B8 = {
			isa = PBXGroup;
			children = (
				29F0FACF278AB4C400DBB1B8 /* RxSwiftTest */,
				29F0FAE6278AB4C700DBB1B8 /* RxSwiftTestTests */,
				29F0FAF1278AB4C700DBB1B8 /* RxSwiftTestUITests */,
				29F0FACE278AB4C300DBB1B8 /* Products */,
			);
			sourceTree = "<group>";
		};
		29F0FACE278AB4C300DBB1B8 /* Products */ = {
			isa = PBXGroup;
			children = (
				29F0FACD278AB4C300DBB1B8 /* RxSwiftTest.app */,
				29F0FAE3278AB4C700DBB1B8 /* RxSwiftTestTests.xctest */,
				29F0FAEE278AB4C700DBB1B8 /* RxSwiftTestUITests.xctest */,
			);
			name = Products;
			sourceTree = "<group>";
		};
		29F0FACF278AB4C400DBB1B8 /* RxSwiftTest */ = {
			isa = PBXGroup;
			children = (
				29F0FAD0278AB4C400DBB1B8 /* AppDelegate.swift */,
				29F0FAD2278AB4C400DBB1B8 /* SceneDelegate.swift */,
				29F0FAD4278AB4C400DBB1B8 /* ViewController.swift */,
				29F0FAD6278AB4C400DBB1B8 /* Main.storyboard */,
				29F0FAD9278AB4C600DBB1B8 /* Assets.xcassets */,
				29F0FADB278AB4C600DBB1B8 /* LaunchScreen.storyboard */,
				29F0FADE278AB4C600DBB1B8 /* Info.plist */,
			);
			path = RxSwiftTest;
			sourceTree = "<group>";
		};
		29F0FAE6278AB4C700DBB1B8 /* RxSwiftTestTests */ = {
			isa = PBXGroup;
			children = (
				29F0FAE7278AB4C700DBB1B8 /* RxSwiftTestTests.swift */,
				29F0FAE9278AB4C700DBB1B8 /* Info.plist */,
			);
			path = RxSwiftTestTests;
			sourceTree = "<group>";
		};
		29F0FAF1278AB4C700DBB1B8 /* RxSwiftTestUITests */ = {
			isa = PBXGroup;
			children = (
				29F0FAF2278AB4C700DBB1B8 /* RxSwiftTestUITests.swift */,
				29F0FAF4278AB4C700DBB1B8 /* Info.plist */,
			);
			path = RxSwiftTestUITests;
			sourceTree = "<group>";
		};
/* End PBXGroup section */

/* Begin PBXNativeTarget section */
		29F0FACC278AB4C300DBB1B8 /* RxSwiftTest */ = {
			isa = PBXNativeTarget;
			buildConfigurationList = 29F0FAF7278AB4C700DBB1B8 /* Build configuration list for PBXNativeTarget "RxSwiftTest" */;
			buildPhases = (
				29F0FAC9278AB4C300DBB1B8 /* Sources */,
				29F0FACA278AB4C300DBB1B8 /* Frameworks */,
				29F0FACB278AB4C300DBB1B8 /* Resources */,
			);
			buildRules = (
			);
			dependencies = (
			);
			name = RxSwiftTest;
			productName = RxSwiftTest;
			productReference = 29F0FACD278AB4C300DBB1B8 /* RxSwiftTest.app */;
			productType = "com.apple.product-type.application";
		};
		29F0FAE2278AB4C700DBB1B8 /* RxSwiftTestTests */ = {
			isa = PBXNativeTarget;
			buildConfigurationList = 29F0FAFA278AB4C700DBB1B8 /* Build configuration list for PBXNativeTarget "RxSwiftTestTests" */;
			buildPhases = (
				29F0FADF278AB4C700DBB1B8 /* Sources */,
				29F0FAE0278AB4C700DBB1B8 /* Frameworks */,
				29F0FAE1278AB4C700DBB1B8 /* Resources */,
			);
			buildRules = (
			);
			dependencies = (
				29F0FAE5278AB4C700DBB1B8 /* PBXTargetDependency */,
			);
			name = RxSwiftTestTests;
			productName = RxSwiftTestTests;
			productReference = 29F0FAE3278AB4C700DBB1B8 /* RxSwiftTestTests.xctest */;
			productType = "com.apple.product-type.bundle.unit-test";
		};
		29F0FAED278AB4C700DBB1B8 /* RxSwiftTestUITests */ = {
			isa = PBXNativeTarget;
			buildConfigurationList = 29F0FAFD278AB4C700DBB1B8 /* Build configuration list for PBXNativeTarget "RxSwiftTestUITests" */;
			buildPhases = (
				29F0FAEA278AB4C700DBB1B8 /* Sources */,
				29F0FAEB278AB4C700DBB1B8 /* Frameworks */,
				29F0FAEC278AB4C700DBB1B8 /* Resources */,
			);
			buildRules = (
			);
			dependencies = (
				29F0FAF0278AB4C700DBB1B8 /* PBXTargetDependency */,
			);
			name = RxSwiftTestUITests;
			productName = RxSwiftTestUITests;
			productReference = 29F0FAEE278AB4C700DBB1B8 /* RxSwiftTestUITests.xctest */;
			productType = "com.apple.product-type.bundle.ui-testing";
		};
/* End PBXNativeTarget section */

/* Begin PBXProject section */
		29F0FAC5278AB4C300DBB1B8 /* Project object */ = {
			isa = PBXProject;
			attributes = {
				LastSwiftUpdateCheck = 1250;
				LastUpgradeCheck = 1250;
				TargetAttributes = {
					29F0FACC278AB4C300DBB1B8 = {
						CreatedOnToolsVersion = 12.5;
					};
					29F0FAE2278AB4C700DBB1B8 = {
						CreatedOnToolsVersion = 12.5;
						TestTargetID = 29F0FACC278AB4C300DBB1B8;
					};
					29F0FAED278AB4C700DBB1B8 = {
						CreatedOnToolsVersion = 12.5;
						TestTargetID = 29F0FACC278AB4C300DBB1B8;
					};
				};
			};
			buildConfigurationList = 29F0FAC8278AB4C300DBB1B8 /* Build configuration list for PBXProject "RxSwiftTest" */;
			compatibilityVersion = "Xcode 9.3";
			developmentRegion = en;
			hasScannedForEncodings = 0;
			knownRegions = (
				en,
				Base,
			);
			mainGroup = 29F0FAC4278AB4C300DBB1B8;
			productRefGroup = 29F0FACE278AB4C300DBB1B8 /* Products */;
			projectDirPath = "";
			projectRoot = "";
			targets = (
				29F0FACC278AB4C300DBB1B8 /* RxSwiftTest */,
				29F0FAE2278AB4C700DBB1B8 /* RxSwiftTestTests */,
				29F0FAED278AB4C700DBB1B8 /* RxSwiftTestUITests */,
			);
		};
/* End PBXProject section */

/* Begin PBXResourcesBuildPhase section */
		29F0FACB278AB4C300DBB1B8 /* Resources */ = {
			isa = PBXResourcesBuildPhase;
			buildActionMask = 2147483647;
			files = (
				29F0FADD278AB4C600DBB1B8 /* LaunchScreen.storyboard in Resources */,
				29F0FADA278AB4C600DBB1B8 /* Assets.xcassets in Resources */,
				29F0FAD8278AB4C400DBB1B8 /* Main.storyboard in Resources */,
			);
			runOnlyForDeploymentPostprocessing = 0;
		};
		29F0FAE1278AB4C700DBB1B8 /* Resources */ = {
			isa = PBXResourcesBuildPhase;
			buildActionMask = 2147483647;
			files = (
			);
			runOnlyForDeploymentPostprocessing = 0;
		};
		29F0FAEC278AB4C700DBB1B8 /* Resources */ = {
			isa = PBXResourcesBuildPhase;
			buildActionMask = 2147483647;
			files = (
			);
			runOnlyForDeploymentPostprocessing = 0;
		};
/* End PBXResourcesBuildPhase section */

/* Begin PBXSourcesBuildPhase section */
		29F0FAC9278AB4C300DBB1B8 /* Sources */ = {
			isa = PBXSourcesBuildPhase;
			buildActionMask = 2147483647;
			files = (
				29F0FAD5278AB4C400DBB1B8 /* ViewController.swift in Sources */,
				29F0FAD1278AB4C400DBB1B8 /* AppDelegate.swift in Sources */,
				29F0FAD3278AB4C400DBB1B8 /* SceneDelegate.swift in Sources */,
			);
			runOnlyForDeploymentPostprocessing = 0;
		};
		29F0FADF278AB4C700DBB1B8 /* Sources */ = {
			isa = PBXSourcesBuildPhase;
			buildActionMask = 2147483647;
			files = (
				29F0FAE8278AB4C700DBB1B8 /* RxSwiftTestTests.swift in Sources */,
			);
			runOnlyForDeploymentPostprocessing = 0;
		};
		29F0FAEA278AB4C700DBB1B8 /* Sources */ = {
			isa = PBXSourcesBuildPhase;
			buildActionMask = 2147483647;
			files = (
				29F0FAF3278AB4C700DBB1B8 /* RxSwiftTestUITests.swift in Sources */,
			);
			runOnlyForDeploymentPostprocessing = 0;
		};
/* End PBXSourcesBuildPhase section */

/* Begin PBXTargetDependency section */
		29F0FAE5278AB4C700DBB1B8 /* PBXTargetDependency */ = {
			isa = PBXTargetDependency;
			target = 29F0FACC278AB4C300DBB1B8 /* RxSwiftTest */;
			targetProxy = 29F0FAE4278AB4C700DBB1B8 /* PBXContainerItemProxy */;
		};
		29F0FAF0278AB4C700DBB1B8 /* PBXTargetDependency */ = {
			isa = PBXTargetDependency;
			target = 29F0FACC278AB4C300DBB1B8 /* RxSwiftTest */;
			targetProxy = 29F0FAEF278AB4C700DBB1B8 /* PBXContainerItemProxy */;
		};
/* End PBXTargetDependency section */

/* Begin PBXVariantGroup section */
		29F0FAD6278AB4C400DBB1B8 /* Main.storyboard */ = {
			isa = PBXVariantGroup;
			children = (
				29F0FAD7278AB4C400DBB1B8 /* Base */,
			);
			name = Main.storyboard;
			sourceTree = "<group>";
		};
		29F0FADB278AB4C600DBB1B8 /* LaunchScreen.storyboard */ = {
			isa = PBXVariantGroup;
			children = (
				29F0FADC278AB4C600DBB1B8 /* Base */,
			);
			name = LaunchScreen.storyboard;
			sourceTree = "<group>";
		};
/* End PBXVariantGroup section */

/* Begin XCBuildConfiguration section */
		29F0FAF5278AB4C700DBB1B8 /* Debug */ = {
			isa = XCBuildConfiguration;
			buildSettings = {
				ALWAYS_SEARCH_USER_PATHS = NO;
				CLANG_ANALYZER_NONNULL = YES;
				CLANG_ANALYZER_NUMBER_OBJECT_CONVERSION = YES_AGGRESSIVE;
				CLANG_CXX_LANGUAGE_STANDARD = "gnu++14";
				CLANG_CXX_LIBRARY = "libc++";
				CLANG_ENABLE_MODULES = YES;
				CLANG_ENABLE_OBJC_ARC = YES;
				CLANG_ENABLE_OBJC_WEAK = YES;
				CLANG_WARN_BLOCK_CAPTURE_AUTORELEASING = YES;
				CLANG_WARN_BOOL_CONVERSION = YES;
				CLANG_WARN_COMMA = YES;
				CLANG_WARN_CONSTANT_CONVERSION = YES;
				CLANG_WARN_DEPRECATED_OBJC_IMPLEMENTATIONS = YES;
				CLANG_WARN_DIRECT_OBJC_ISA_USAGE = YES_ERROR;
				CLANG_WARN_DOCUMENTATION_COMMENTS = YES;
				CLANG_WARN_EMPTY_BODY = YES;
				CLANG_WARN_ENUM_CONVERSION = YES;
				CLANG_WARN_INFINITE_RECURSION = YES;
				CLANG_WARN_INT_CONVERSION = YES;
				CLANG_WARN_NON_LITERAL_NULL_CONVERSION = YES;
				CLANG_WARN_OBJC_IMPLICIT_RETAIN_SELF = YES;
				CLANG_WARN_OBJC_LITERAL_CONVERSION = YES;
				CLANG_WARN_OBJC_ROOT_CLASS = YES_ERROR;
				CLANG_WARN_QUOTED_INCLUDE_IN_FRAMEWORK_HEADER = YES;
				CLANG_WARN_RANGE_LOOP_ANALYSIS = YES;
				CLANG_WARN_STRICT_PROTOTYPES = YES;
				CLANG_WARN_SUSPICIOUS_MOVE = YES;
				CLANG_WARN_UNGUARDED_AVAILABILITY = YES_AGGRESSIVE;
				CLANG_WARN_UNREACHABLE_CODE = YES;
				CLANG_WARN__DUPLICATE_METHOD_MATCH = YES;
				COPY_PHASE_STRIP = NO;
				DEBUG_INFORMATION_FORMAT = dwarf;
				ENABLE_STRICT_OBJC_MSGSEND = YES;
				ENABLE_TESTABILITY = YES;
				GCC_C_LANGUAGE_STANDARD = gnu11;
				GCC_DYNAMIC_NO_PIC = NO;
				GCC_NO_COMMON_BLOCKS = YES;
				GCC_OPTIMIZATION_LEVEL = 0;
				GCC_PREPROCESSOR_DEFINITIONS = (
					"DEBUG=1",
					"$(inherited)",
				);
				GCC_WARN_64_TO_32_BIT_CONVERSION = YES;
				GCC_WARN_ABOUT_RETURN_TYPE = YES_ERROR;
				GCC_WARN_UNDECLARED_SELECTOR = YES;
				GCC_WARN_UNINITIALIZED_AUTOS = YES_AGGRESSIVE;
				GCC_WARN_UNUSED_FUNCTION = YES;
				GCC_WARN_UNUSED_VARIABLE = YES;
				IPHONEOS_DEPLOYMENT_TARGET = 14.5;
				MTL_ENABLE_DEBUG_INFO = INCLUDE_SOURCE;
				MTL_FAST_MATH = YES;
				ONLY_ACTIVE_ARCH = YES;
				SDKROOT = iphoneos;
				SWIFT_ACTIVE_COMPILATION_CONDITIONS = DEBUG;
				SWIFT_OPTIMIZATION_LEVEL = "-Onone";
			};
			name = Debug;
		};
		29F0FAF6278AB4C700DBB1B8 /* Release */ = {
			isa = XCBuildConfiguration;
			buildSettings = {
				ALWAYS_SEARCH_USER_PATHS = NO;
				CLANG_ANALYZER_NONNULL = YES;
				CLANG_ANALYZER_NUMBER_OBJECT_CONVERSION = YES_AGGRESSIVE;
				CLANG_CXX_LANGUAGE_STANDARD = "gnu++14";
				CLANG_CXX_LIBRARY = "libc++";
				CLANG_ENABLE_MODULES = YES;
				CLANG_ENABLE_OBJC_ARC = YES;
				CLANG_ENABLE_OBJC_WEAK = YES;
				CLANG_WARN_BLOCK_CAPTURE_AUTORELEASING = YES;
				CLANG_WARN_BOOL_CONVERSION = YES;
				CLANG_WARN_COMMA = YES;
				CLANG_WARN_CONSTANT_CONVERSION = YES;
				CLANG_WARN_DEPRECATED_OBJC_IMPLEMENTATIONS = YES;
				CLANG_WARN_DIRECT_OBJC_ISA_USAGE = YES_ERROR;
				CLANG_WARN_DOCUMENTATION_COMMENTS = YES;
				CLANG_WARN_EMPTY_BODY = YES;
				CLANG_WARN_ENUM_CONVERSION = YES;
				CLANG_WARN_INFINITE_RECURSION = YES;
				CLANG_WARN_INT_CONVERSION = YES;
				CLANG_WARN_NON_LITERAL_NULL_CONVERSION = YES;
				CLANG_WARN_OBJC_IMPLICIT_RETAIN_SELF = YES;
				CLANG_WARN_OBJC_LITERAL_CONVERSION = YES;
				CLANG_WARN_OBJC_ROOT_CLASS = YES_ERROR;
				CLANG_WARN_QUOTED_INCLUDE_IN_FRAMEWORK_HEADER = YES;
				CLANG_WARN_RANGE_LOOP_ANALYSIS = YES;
				CLANG_WARN_STRICT_PROTOTYPES = YES;
				CLANG_WARN_SUSPICIOUS_MOVE = YES;
				CLANG_WARN_UNGUARDED_AVAILABILITY = YES_AGGRESSIVE;
				CLANG_WARN_UNREACHABLE_CODE = YES;
				CLANG_WARN__DUPLICATE_METHOD_MATCH = YES;
				COPY_PHASE_STRIP = NO;
				DEBUG_INFORMATION_FORMAT = "dwarf-with-dsym";
				ENABLE_NS_ASSERTIONS = NO;
				ENABLE_STRICT_OBJC_MSGSEND = YES;
				GCC_C_LANGUAGE_STANDARD = gnu11;
				GCC_NO_COMMON_BLOCKS = YES;
				GCC_WARN_64_TO_32_BIT_CONVERSION = YES;
				GCC_WARN_ABOUT_RETURN_TYPE = YES_ERROR;
				GCC_WARN_UNDECLARED_SELECTOR = YES;
				GCC_WARN_UNINITIALIZED_AUTOS = YES_AGGRESSIVE;
				GCC_WARN_UNUSED_FUNCTION = YES;
				GCC_WARN_UNUSED_VARIABLE = YES;
				IPHONEOS_DEPLOYMENT_TARGET = 14.5;
				MTL_ENABLE_DEBUG_INFO = NO;
				MTL_FAST_MATH = YES;
				SDKROOT = iphoneos;
				SWIFT_COMPILATION_MODE = wholemodule;
				SWIFT_OPTIMIZATION_LEVEL = "-O";
				VALIDATE_PRODUCT = YES;
			};
			name = Release;
		};
		29F0FAF8278AB4C700DBB1B8 /* Debug */ = {
			isa = XCBuildConfiguration;
			buildSettings = {
				ASSETCATALOG_COMPILER_APPICON_NAME = AppIcon;
				ASSETCATALOG_COMPILER_GLOBAL_ACCENT_COLOR_NAME = AccentColor;
				CODE_SIGN_STYLE = Automatic;
				DEVELOPMENT_TEAM = 2MFF7GBV57;
				INFOPLIST_FILE = RxSwiftTest/Info.plist;
				LD_RUNPATH_SEARCH_PATHS = (
					"$(inherited)",
					"@executable_path/Frameworks",
				);
				PRODUCT_BUNDLE_IDENTIFIER = elpmas.RxSwiftTest;
				PRODUCT_NAME = "$(TARGET_NAME)";
				SWIFT_VERSION = 5.0;
				TARGETED_DEVICE_FAMILY = "1,2";
			};
			name = Debug;
		};
		29F0FAF9278AB4C700DBB1B8 /* Release */ = {
			isa = XCBuildConfiguration;
			buildSettings = {
				ASSETCATALOG_COMPILER_APPICON_NAME = AppIcon;
				ASSETCATALOG_COMPILER_GLOBAL_ACCENT_COLOR_NAME = AccentColor;
				CODE_SIGN_STYLE = Automatic;
				DEVELOPMENT_TEAM = 2MFF7GBV57;
				INFOPLIST_FILE = RxSwiftTest/Info.plist;
				LD_RUNPATH_SEARCH_PATHS = (
					"$(inherited)",
					"@executable_path/Frameworks",
				);
				PRODUCT_BUNDLE_IDENTIFIER = elpmas.RxSwiftTest;
				PRODUCT_NAME = "$(TARGET_NAME)";
				SWIFT_VERSION = 5.0;
				TARGETED_DEVICE_FAMILY = "1,2";
			};
			name = Release;
		};
		29F0FAFB278AB4C700DBB1B8 /* Debug */ = {
			isa = XCBuildConfiguration;
			buildSettings = {
				ALWAYS_EMBED_SWIFT_STANDARD_LIBRARIES = YES;
				BUNDLE_LOADER = "$(TEST_HOST)";
				CODE_SIGN_STYLE = Automatic;
				DEVELOPMENT_TEAM = 2MFF7GBV57;
				INFOPLIST_FILE = RxSwiftTestTests/Info.plist;
				IPHONEOS_DEPLOYMENT_TARGET = 14.5;
				LD_RUNPATH_SEARCH_PATHS = (
					"$(inherited)",
					"@executable_path/Frameworks",
					"@loader_path/Frameworks",
				);
				PRODUCT_BUNDLE_IDENTIFIER = elpmas.RxSwiftTestTests;
				PRODUCT_NAME = "$(TARGET_NAME)";
				SWIFT_VERSION = 5.0;
				TARGETED_DEVICE_FAMILY = "1,2";
				TEST_HOST = "$(BUILT_PRODUCTS_DIR)/RxSwiftTest.app/RxSwiftTest";
			};
			name = Debug;
		};
		29F0FAFC278AB4C700DBB1B8 /* Release */ = {
			isa = XCBuildConfiguration;
			buildSettings = {
				ALWAYS_EMBED_SWIFT_STANDARD_LIBRARIES = YES;
				BUNDLE_LOADER = "$(TEST_HOST)";
				CODE_SIGN_STYLE = Automatic;
				DEVELOPMENT_TEAM = 2MFF7GBV57;
				INFOPLIST_FILE = RxSwiftTestTests/Info.plist;
				IPHONEOS_DEPLOYMENT_TARGET = 14.5;
				LD_RUNPATH_SEARCH_PATHS = (
					"$(inherited)",
					"@executable_path/Frameworks",
					"@loader_path/Frameworks",
				);
				PRODUCT_BUNDLE_IDENTIFIER = elpmas.RxSwiftTestTests;
				PRODUCT_NAME = "$(TARGET_NAME)";
				SWIFT_VERSION = 5.0;
				TARGETED_DEVICE_FAMILY = "1,2";
				TEST_HOST = "$(BUILT_PRODUCTS_DIR)/RxSwiftTest.app/RxSwiftTest";
			};
			name = Release;
		};
		29F0FAFE278AB4C700DBB1B8 /* Debug */ = {
			isa = XCBuildConfiguration;
			buildSettings = {
				ALWAYS_EMBED_SWIFT_STANDARD_LIBRARIES = YES;
				CODE_SIGN_STYLE = Automatic;
				DEVELOPMENT_TEAM = 2MFF7GBV57;
				INFOPLIST_FILE = RxSwiftTestUITests/Info.plist;
				LD_RUNPATH_SEARCH_PATHS = (
					"$(inherited)",
					"@executable_path/Frameworks",
					"@loader_path/Frameworks",
				);
				PRODUCT_BUNDLE_IDENTIFIER = elpmas.RxSwiftTestUITests;
				PRODUCT_NAME = "$(TARGET_NAME)";
				SWIFT_VERSION = 5.0;
				TARGETED_DEVICE_FAMILY = "1,2";
				TEST_TARGET_NAME = RxSwiftTest;
			};
			name = Debug;
		};
		29F0FAFF278AB4C700DBB1B8 /* Release */ = {
			isa = XCBuildConfiguration;
			buildSettings = {
				ALWAYS_EMBED_SWIFT_STANDARD_LIBRARIES = YES;
				CODE_SIGN_STYLE = Automatic;
				DEVELOPMENT_TEAM = 2MFF7GBV57;
				INFOPLIST_FILE = RxSwiftTestUITests/Info.plist;
				LD_RUNPATH_SEARCH_PATHS = (
					"$(inherited)",
					"@executable_path/Frameworks",
					"@loader_path/Frameworks",
				);
				PRODUCT_BUNDLE_IDENTIFIER = elpmas.RxSwiftTestUITests;
				PRODUCT_NAME = "$(TARGET_NAME)";
				SWIFT_VERSION = 5.0;
				TARGETED_DEVICE_FAMILY = "1,2";
				TEST_TARGET_NAME = RxSwiftTest;
			};
			name = Release;
		};
/* End XCBuildConfiguration section */

/* Begin XCConfigurationList section */
		29F0FAC8278AB4C300DBB1B8 /* Build configuration list for PBXProject "RxSwiftTest" */ = {
			isa = XCConfigurationList;
			buildConfigurations = (
				29F0FAF5278AB4C700DBB1B8 /* Debug */,
				29F0FAF6278AB4C700DBB1B8 /* Release */,
			);
			defaultConfigurationIsVisible = 0;
			defaultConfigurationName = Release;
		};
		29F0FAF7278AB4C700DBB1B8 /* Build configuration list for PBXNativeTarget "RxSwiftTest" */ = {
			isa = XCConfigurationList;
			buildConfigurations = (
				29F0FAF8278AB4C700DBB1B8 /* Debug */,
				29F0FAF9278AB4C700DBB1B8 /* Release */,
			);
			defaultConfigurationIsVisible = 0;
			defaultConfigurationName = Release;
		};
		29F0FAFA278AB4C700DBB1B8 /* Build configuration list for PBXNativeTarget "RxSwiftTestTests" */ = {
			isa = XCConfigurationList;
			buildConfigurations = (
				29F0FAFB278AB4C700DBB1B8 /* Debug */,
				29F0FAFC278AB4C700DBB1B8 /* Release */,
			);
			defaultConfigurationIsVisible = 0;
			defaultConfigurationName = Release;
		};
		29F0FAFD278AB4C700DBB1B8 /* Build configuration list for PBXNativeTarget "RxSwiftTestUITests" */ = {
			isa = XCConfigurationList;
			buildConfigurations = (
				29F0FAFE278AB4C700DBB1B8 /* Debug */,
				29F0FAFF278AB4C700DBB1B8 /* Release */,
			);
			defaultConfigurationIsVisible = 0;
			defaultConfigurationName = Release;
		};
/* End XCConfigurationList section */
	};
	rootObject = 29F0FAC5278AB4C300DBB1B8 /* Project object */;
}
